<?xml version="1.0" encoding="utf-8"?>
<Project ToolsVersion="4.0" xmlns="http://schemas.microsoft.com/developer/msbuild/2003">
  <ItemGroup>
    <Filter Include="Source Files">
      <UniqueIdentifier>{4FC737F1-C7A5-4376-A066-2A32D752A2FF}</UniqueIdentifier>
      <Extensions>cpp;c;cc;cxx;def;odl;idl;hpj;bat;asm;asmx</Extensions>
    </Filter>
    <Filter Include="Header Files">
      <UniqueIdentifier>{93995380-89BD-4b04-88EB-625FBE52EBFB}</UniqueIdentifier>
      <Extensions>h;hh;hpp;hxx;hm;inl;inc;ipp;xsd</Extensions>
    </Filter>
    <Filter Include="Resource Files">
      <UniqueIdentifier>{67DA6AB6-F800-4c08-8B7A-83BB121AAD01}</UniqueIdentifier>
      <Extensions>rc;ico;cur;bmp;dlg;rc2;rct;bin;rgs;gif;jpg;jpeg;jpe;resx;tiff;tif;png;wav;mfcribbon-ms</Extensions>
    </Filter>
  </ItemGroup>
  <ItemGroup>
    <ClCompile Include="graphics\Renderer.cpp">
      <Filter>Source Files</Filter>
    </ClCompile>
    <ClCompile Include="scenes\Scene.cpp">
      <Filter>Source Files</Filter>
    </ClCompile>
    <ClCompile Include="entities\Entity.cpp">
      <Filter>Source Files</Filter>
    </ClCompile>
    <ClCompile Include="entities\components\CComponent.cpp">
      <Filter>Source Files</Filter>
    </ClCompile>
    <ClCompile Include="entities\components\PComponent.cpp">
      <Filter>Source Files</Filter>
    </ClCompile>
    <ClCompile Include="entities\components\SComponent.cpp">
      <Filter>Source Files</Filter>
    </ClCompile>
    <ClCompile Include="entities\components\gComponent\GSComponent.cpp">
      <Filter>Source Files</Filter>
    </ClCompile>
    <ClCompile Include="entities\components\gComponent\GSSComponent.cpp">
      <Filter>Source Files</Filter>
    </ClCompile>
    <ClCompile Include="entities\components\gComponent\GTComponent.cpp">
      <Filter>Source Files</Filter>
    </ClCompile>
    <ClCompile Include="MainLoop.cpp">
      <Filter>Source Files</Filter>
    </ClCompile>
    <ClCompile Include="graphics\Window.cpp">
      <Filter>Source Files</Filter>
    </ClCompile>
    <ClCompile Include="input\listeners\KeyboardListener.cpp">
      <Filter>Source Files</Filter>
    </ClCompile>
    <ClCompile Include="input\listeners\MouseListener.cpp">
      <Filter>Source Files</Filter>
    </ClCompile>
    <ClCompile Include="input\observers\KeyboardObserver.cpp">
      <Filter>Source Files</Filter>
    </ClCompile>
    <ClCompile Include="input\observers\MouseButtonObserver.cpp">
      <Filter>Source Files</Filter>
    </ClCompile>
    <ClCompile Include="input\observers\MouseEnterObserver.cpp">
      <Filter>Source Files</Filter>
    </ClCompile>
    <ClCompile Include="input\observers\MousePositionObserver.cpp">
      <Filter>Source Files</Filter>
    </ClCompile>
    <ClCompile Include="input\observers\MouseScrollObserver.cpp">
      <Filter>Source Files</Filter>
    </ClCompile>
    <ClCompile Include="math\vec2.cpp">
      <Filter>Source Files</Filter>
    </ClCompile>
    <ClCompile Include="math\vec3.cpp">
      <Filter>Source Files</Filter>
    </ClCompile>
    <ClCompile Include="math\vec4.cpp">
      <Filter>Source Files</Filter>
    </ClCompile>
    <ClCompile Include="math\mat4.cpp">
      <Filter>Source Files</Filter>
    </ClCompile>
    <ClCompile Include="graphics\shaders\Shader.cpp">
      <Filter>Source Files</Filter>
    </ClCompile>
    <ClCompile Include="graphics\buffers\Buffer.cpp">
      <Filter>Source Files</Filter>
    </ClCompile>
    <ClCompile Include="graphics\buffers\IndexBuffer.cpp">
      <Filter>Source Files</Filter>
    </ClCompile>
    <ClCompile Include="graphics\buffers\VertexArray.cpp">
      <Filter>Source Files</Filter>
    </ClCompile>
    <ClCompile Include="math\mat3.cpp">
      <Filter>Source Files</Filter>
    </ClCompile>
    <ClCompile Include="scenes\WorldScene.cpp">
      <Filter>Source Files</Filter>
    </ClCompile>
  </ItemGroup>
  <ItemGroup>
    <ClInclude Include="graphics\Renderer.h">
      <Filter>Header Files</Filter>
    </ClInclude>
    <ClInclude Include="scenes\Scene.h">
      <Filter>Header Files</Filter>
    </ClInclude>
    <ClInclude Include="entities\Entity.h">
      <Filter>Header Files</Filter>
    </ClInclude>
    <ClInclude Include="entities\components\Component.h">
      <Filter>Header Files</Filter>
    </ClInclude>
    <ClInclude Include="entities\components\CComponent.h">
      <Filter>Header Files</Filter>
    </ClInclude>
    <ClInclude Include="entities\components\PComponent.h">
      <Filter>Header Files</Filter>
    </ClInclude>
    <ClInclude Include="entities\components\SComponent.h">
      <Filter>Header Files</Filter>
    </ClInclude>
    <ClInclude Include="entities\components\gComponent\GComponent.h">
      <Filter>Header Files</Filter>
    </ClInclude>
    <ClInclude Include="entities\components\gComponent\GSComponent.h">
      <Filter>Header Files</Filter>
    </ClInclude>
    <ClInclude Include="entities\components\gComponent\GSSComponent.h">
      <Filter>Header Files</Filter>
    </ClInclude>
    <ClInclude Include="entities\components\gComponent\GTComponent.h">
      <Filter>Header Files</Filter>
    </ClInclude>
    <ClInclude Include="graphics\Window.h">
      <Filter>Header Files</Filter>
    </ClInclude>
    <ClInclude Include="input\listeners\KeyboardListener.h">
      <Filter>Header Files</Filter>
    </ClInclude>
    <ClInclude Include="input\listeners\MouseListener.h">
      <Filter>Header Files</Filter>
    </ClInclude>
    <ClInclude Include="input\observers\MouseObserver.h">
      <Filter>Header Files</Filter>
    </ClInclude>
    <ClInclude Include="input\observers\KeyboardObserver.h">
      <Filter>Header Files</Filter>
    </ClInclude>
    <ClInclude Include="input\observers\MouseScrollObserver.h">
      <Filter>Header Files</Filter>
    </ClInclude>
    <ClInclude Include="input\observers\MouseButtonObserver.h">
      <Filter>Header Files</Filter>
    </ClInclude>
    <ClInclude Include="input\observers\MouseEnterObserver.h">
      <Filter>Header Files</Filter>
    </ClInclude>
    <ClInclude Include="input\observers\MousePositionObserver.h">
      <Filter>Header Files</Filter>
    </ClInclude>
    <ClInclude Include="math\vec2.h">
      <Filter>Header Files</Filter>
    </ClInclude>
    <ClInclude Include="math\vec3.h">
      <Filter>Header Files</Filter>
    </ClInclude>
    <ClInclude Include="math\vec4.h">
      <Filter>Header Files</Filter>
    </ClInclude>
    <ClInclude Include="math\Math.h">
      <Filter>Header Files</Filter>
    </ClInclude>
    <ClInclude Include="math\mat4.h">
      <Filter>Header Files</Filter>
    </ClInclude>
    <ClInclude Include="utils\FileUtils.h">
      <Filter>Header Files</Filter>
    </ClInclude>
    <ClInclude Include="graphics\shaders\Shader.h">
      <Filter>Header Files</Filter>
    </ClInclude>
    <ClInclude Include="graphics\buffers\Buffer.h">
      <Filter>Header Files</Filter>
    </ClInclude>
    <ClInclude Include="graphics\buffers\IndexBuffer.h">
      <Filter>Header Files</Filter>
    </ClInclude>
    <ClInclude Include="graphics\buffers\VertexArray.h">
      <Filter>Header Files</Filter>
    </ClInclude>
    <ClInclude Include="math\mat3.h">
      <Filter>Header Files</Filter>
    </ClInclude>
    <ClInclude Include="scenes\WorldScene.h">
      <Filter>Header Files</Filter>
    </ClInclude>
  </ItemGroup>
  <ItemGroup>
    <None Include="graphics\shaders\basic.vert" />
    <None Include="graphics\shaders\basic.frag" />
  </ItemGroup>
  <ItemGroup>
    <Text Include="notes.txt" />
  </ItemGroup>
</Project>